// !$*UTF8*$!
{
	archiveVersion = 1;
	classes = {
	};
	objectVersion = 77;
	objects = {

/* Begin PBXBuildFile section */
		7B5264682FD8B1A800ABE8B1 /* StockedShareExtension.appex in Embed Foundation Extensions */ = {isa = PBXBuildFile; fileRef = 7B52645E2FD8B1A700ABE8B1 /* StockedShareExtension.appex */; settings = {ATTRIBUTES = (RemoveHeadersOnCopy, ); }; };
		7B5266482FDB475300ABE8B1 /* WidgetKit.framework in Frameworks */ = {isa = PBXBuildFile; fileRef = 7B5266472FDB475200ABE8B1 /* WidgetKit.framework */; };
		7B52664A2FDB475300ABE8B1 /* SwiftUI.framework in Frameworks */ = {isa = PBXBuildFile; fileRef = 7B5266492FDB475300ABE8B1 /* SwiftUI.framework */; };
		7B5266572FDB475700ABE8B1 /* StockedWidgets.appex in Embed Foundation Extensions */ = {isa = PBXBuildFile; fileRef = 7B5266452FDB475200ABE8B1 /* StockedWidgets.appex */; settings = {ATTRIBUTES = (RemoveHeadersOnCopy, ); }; };
		7BA5021E3BD8B1A700ABE8B1 /* libsqlite3.tbd in Frameworks */ = {isa = PBXBuildFile; fileRef = 7BA5021F3BD8B1A700ABE8B1 /* libsqlite3.tbd */; };
/* End PBXBuildFile section */

/* Begin PBXContainerItemProxy section */
		7B5264662FD8B1A800ABE8B1 /* PBXContainerItemProxy */ = {
			isa = PBXContainerItemProxy;
			containerPortal = 7BF490522FD3BD1A00F32BED /* Project object */;
			proxyType = 1;
			remoteGlobalIDString = 7B52645D2FD8B1A700ABE8B1;
			remoteInfo = StockedShareExtension;
		};
		7B5266552FDB475700ABE8B1 /* PBXContainerItemProxy */ = {
			isa = PBXContainerItemProxy;
			containerPortal = 7BF490522FD3BD1A00F32BED /* Project object */;
			proxyType = 1;
			remoteGlobalIDString = 7B5266442FDB475200ABE8B1;
			remoteInfo = StockedWidgetsExtension;
		};
/* End PBXContainerItemProxy section */

/* Begin PBXCopyFilesBuildPhase section */
		7B52646D2FD8B1A800ABE8B1 /* Embed Foundation Extensions */ = {
			isa = PBXCopyFilesBuildPhase;
			buildActionMask = 2147483647;
			dstPath = "";
			dstSubfolderSpec = 13;
			files = (
				7B5266572FDB475700ABE8B1 /* StockedWidgets.appex in Embed Foundation Extensions */,
				7B5264682FD8B1A800ABE8B1 /* StockedShareExtension.appex in Embed Foundation Extensions */,
			);
			name = "Embed Foundation Extensions";
			runOnlyForDeploymentPostprocessing = 0;
		};
/* End PBXCopyFilesBuildPhase section */

/* Begin PBXFileReference section */
		7B52645E2FD8B1A700ABE8B1 /* StockedShareExtension.appex */ = {isa = PBXFileReference; explicitFileType = "wrapper.app-extension"; includeInIndex = 0; path = StockedShareExtension.appex; sourceTree = BUILT_PRODUCTS_DIR; };
		7B52646F2FD8FFDF00ABE8B1 /* Secrets.xcconfig */ = {isa = PBXFileReference; lastKnownFileType = text.xcconfig; path = Secrets.xcconfig; sourceTree = "<group>"; };
		7B5264702FD8FFDF00ABE8B1 /* Secrets.example.xcconfig */ = {isa = PBXFileReference; lastKnownFileType = text.xcconfig; path = Secrets.example.xcconfig; sourceTree = "<group>"; };
		7B5266452FDB475200ABE8B1 /* StockedWidgets.appex */ = {isa = PBXFileReference; explicitFileType = "wrapper.app-extension"; includeInIndex = 0; path = StockedWidgets.appex; sourceTree = BUILT_PRODUCTS_DIR; };
		7B5266472FDB475200ABE8B1 /* WidgetKit.framework */ = {isa = PBXFileReference; lastKnownFileType = wrapper.framework; name = WidgetKit.framework; path = System/Library/Frameworks/WidgetKit.framework; sourceTree = SDKROOT; };
		7B5266492FDB475300ABE8B1 /* SwiftUI.framework */ = {isa = PBXFileReference; lastKnownFileType = wrapper.framework; name = SwiftUI.framework; path = System/Library/Frameworks/SwiftUI.framework; sourceTree = SDKROOT; };
		7BA5021F3BD8B1A700ABE8B1 /* libsqlite3.tbd */ = {isa = PBXFileReference; lastKnownFileType = "sourcecode.text-based-dylib-definition"; name = libsqlite3.tbd; path = usr/lib/libsqlite3.tbd; sourceTree = SDKROOT; };
		7BF4905A2FD3BD1A00F32BED /* Stocked.app */ = {isa = PBXFileReference; explicitFileType = wrapper.application; includeInIndex = 0; path = Stocked.app; sourceTree = BUILT_PRODUCTS_DIR; };
/* End PBXFileReference section */

/* Begin PBXFileSystemSynchronizedBuildFileExceptionSet section */
		7B52646C2FD8B1A800ABE8B1 /* Exceptions for "StockedShareExtension" folder in "StockedShareExtension" target */ = {
			isa = PBXFileSystemSynchronizedBuildFileExceptionSet;
			membershipExceptions = (
				Info.plist,
			);
			target = 7B52645D2FD8B1A700ABE8B1 /* StockedShareExtension */;
		};
		7B52665B2FDB475700ABE8B1 /* Exceptions for "StockedWidgets" folder in "StockedWidgets" target */ = {
			isa = PBXFileSystemSynchronizedBuildFileExceptionSet;
			membershipExceptions = (
				Info.plist,
			);
			target = 7B5266442FDB475200ABE8B1 /* StockedWidgets */;
		};
		7B52665F2FDB47C200ABE8B1 /* Exceptions for "Stocked" folder in "StockedWidgets" target */ = {
			isa = PBXFileSystemSynchronizedBuildFileExceptionSet;
			membershipExceptions = (
				CookTimerActivity.swift,
				WidgetShared.swift,
			);
			target = 7B5266442FDB475200ABE8B1 /* StockedWidgets */;
		};
		7BF491562FD3C48B00F32BED /* Exceptions for "Stocked" folder in "Stocked" target */ = {
			isa = PBXFileSystemSynchronizedBuildFileExceptionSet;
			membershipExceptions = (
				Info.plist,
			);
			target = 7BF490592FD3BD1A00F32BED /* Stocked */;
		};
/* End PBXFileSystemSynchronizedBuildFileExceptionSet section */

/* Begin PBXFileSystemSynchronizedRootGroup section */
		7B52645F2FD8B1A700ABE8B1 /* StockedShareExtension */ = {
			isa = PBXFileSystemSynchronizedRootGroup;
			exceptions = (
				7B52646C2FD8B1A800ABE8B1 /* Exceptions for "StockedShareExtension" folder in "StockedShareExtension" target */,
			);
			path = StockedShareExtension;
			sourceTree = "<group>";
		};
		7B52664B2FDB475300ABE8B1 /* StockedWidgets */ = {
			isa = PBXFileSystemSynchronizedRootGroup;
			exceptions = (
				7B52665B2FDB475700ABE8B1 /* Exceptions for "StockedWidgets" folder in "StockedWidgets" target */,
			);
			path = StockedWidgets;
			sourceTree = "<group>";
		};
		7BF4905C2FD3BD1A00F32BED /* Stocked */ = {
			isa = PBXFileSystemSynchronizedRootGroup;
			exceptions = (
				7BF491562FD3C48B00F32BED /* Exceptions for "Stocked" folder in "Stocked" target */,
				7B52665F2FDB47C200ABE8B1 /* Exceptions for "Stocked" folder in "StockedWidgets" target */,
			);
			path = Stocked;
			sourceTree = "<group>";
		};
/* End PBXFileSystemSynchronizedRootGroup section */

/* Begin PBXFrameworksBuildPhase section */
		7B52645B2FD8B1A700ABE8B1 /* Frameworks */ = {
			isa = PBXFrameworksBuildPhase;
			buildActionMask = 2147483647;
			files = (
			);
			runOnlyForDeploymentPostprocessing = 0;
		};
		7B5266422FDB475200ABE8B1 /* Frameworks */ = {
			isa = PBXFrameworksBuildPhase;
			buildActionMask = 2147483647;
			files = (
				7B52664A2FDB475300ABE8B1 /* SwiftUI.framework in Frameworks */,
				7B5266482FDB475300ABE8B1 /* WidgetKit.framework in Frameworks */,
			);
			runOnlyForDeploymentPostprocessing = 0;
		};
		7BF490572FD3BD1A00F32BED /* Frameworks */ = {
			isa = PBXFrameworksBuildPhase;
			buildActionMask = 2147483647;
			files = (
				7BA5021E3BD8B1A700ABE8B1 /* libsqlite3.tbd in Frameworks */,
			);
			runOnlyForDeploymentPostprocessing = 0;
		};
/* End PBXFrameworksBuildPhase section */

/* Begin PBXGroup section */
		7B5266462FDB475200ABE8B1 /* Frameworks */ = {
			isa = PBXGroup;
			children = (
				7B5266472FDB475200ABE8B1 /* WidgetKit.framework */,
				7B5266492FDB475300ABE8B1 /* SwiftUI.framework */,
			);
			name = Frameworks;
			sourceTree = "<group>";
		};
		7B90A1772FDF4D0E0078E9C8 /* Recovered References */ = {
			isa = PBXGroup;
			children = (
				7BA5021F3BD8B1A700ABE8B1 /* libsqlite3.tbd */,
			);
			name = "Recovered References";
			sourceTree = "<group>";
		};
		7BF490512FD3BD1A00F32BED = {
			isa = PBXGroup;
			children = (
				7B52646F2FD8FFDF00ABE8B1 /* Secrets.xcconfig */,
				7B5264702FD8FFDF00ABE8B1 /* Secrets.example.xcconfig */,
				7BF4905C2FD3BD1A00F32BED /* Stocked */,
				7B52645F2FD8B1A700ABE8B1 /* StockedShareExtension */,
				7B52664B2FDB475300ABE8B1 /* StockedWidgets */,
				7B5266462FDB475200ABE8B1 /* Frameworks */,
				7BF4905B2FD3BD1A00F32BED /* Products */,
				7B90A1772FDF4D0E0078E9C8 /* Recovered References */,
			);
			sourceTree = "<group>";
		};
		7BF4905B2FD3BD1A00F32BED /* Products */ = {
			isa = PBXGroup;
			children = (
				7BF4905A2FD3BD1A00F32BED /* Stocked.app */,
				7B52645E2FD8B1A700ABE8B1 /* StockedShareExtension.appex */,
				7B5266452FDB475200ABE8B1 /* StockedWidgets.appex */,
			);
			name = Products;
			sourceTree = "<group>";
		};
/* End PBXGroup section */

/* Begin PBXNativeTarget section */
		7B52645D2FD8B1A700ABE8B1 /* StockedShareExtension */ = {
			isa = PBXNativeTarget;
			buildConfigurationList = 7B5264692FD8B1A800ABE8B1 /* Build configuration list for PBXNativeTarget "StockedShareExtension" */;
			buildPhases = (
				7B52645A2FD8B1A700ABE8B1 /* Sources */,
				7B52645B2FD8B1A700ABE8B1 /* Frameworks */,
				7B52645C2FD8B1A700ABE8B1 /* Resources */,
			);
			buildRules = (
			);
			dependencies = (
			);
			fileSystemSynchronizedGroups = (
				7B52645F2FD8B1A700ABE8B1 /* StockedShareExtension */,
			);
			name = StockedShareExtension;
			packageProductDependencies = (
			);
			productName = StockedShareExtension;
			productReference = 7B52645E2FD8B1A700ABE8B1 /* StockedShareExtension.appex */;
			productType = "com.apple.product-type.app-extension";
		};
		7B5266442FDB475200ABE8B1 /* StockedWidgets */ = {
			isa = PBXNativeTarget;
			buildConfigurationList = 7B5266582FDB475700ABE8B1 /* Build configuration list for PBXNativeTarget "StockedWidgets" */;
			buildPhases = (
				7B5266412FDB475200ABE8B1 /* Sources */,
				7B5266422FDB475200ABE8B1 /* Frameworks */,
				7B5266432FDB475200ABE8B1 /* Resources */,
			);
			buildRules = (
			);
			dependencies = (
			);
			fileSystemSynchronizedGroups = (
				7B52664B2FDB475300ABE8B1 /* StockedWidgets */,
			);
			name = StockedWidgets;
			packageProductDependencies = (
			);
			productName = StockedWidgetsExtension;
			productReference = 7B5266452FDB475200ABE8B1 /* StockedWidgets.appex */;
			productType = "com.apple.product-type.app-extension";
		};
		7BF490592FD3BD1A00F32BED /* Stocked */ = {
			isa = PBXNativeTarget;
			buildConfigurationList = 7BF490672FD3BD1D00F32BED /* Build configuration list for PBXNativeTarget "Stocked" */;
			buildPhases = (
				7BF490562FD3BD1A00F32BED /* Sources */,
				7BF490572FD3BD1A00F32BED /* Frameworks */,
				7BF490582FD3BD1A00F32BED /* Resources */,
				7B52646D2FD8B1A800ABE8B1 /* Embed Foundation Extensions */,
			);
			buildRules = (
			);
			dependencies = (
				7B5264672FD8B1A800ABE8B1 /* PBXTargetDependency */,
				7B5266562FDB475700ABE8B1 /* PBXTargetDependency */,
			);
			fileSystemSynchronizedGroups = (
				7BF4905C2FD3BD1A00F32BED /* Stocked */,
			);
			name = Stocked;
			packageProductDependencies = (
			);
			productName = Stocked;
			productReference = 7BF4905A2FD3BD1A00F32BED /* Stocked.app */;
			productType = "com.apple.product-type.application";
		};
/* End PBXNativeTarget section */

/* Begin PBXProject section */
		7BF490522FD3BD1A00F32BED /* Project object */ = {
			isa = PBXProject;
			attributes = {
				BuildIndependentTargetsInParallel = 1;
				LastSwiftUpdateCheck = 2630;
				LastUpgradeCheck = 2630;
				TargetAttributes = {
					7B52645D2FD8B1A700ABE8B1 = {
						CreatedOnToolsVersion = 26.3;
					};
					7B5266442FDB475200ABE8B1 = {
						CreatedOnToolsVersion = 26.3;
					};
					7BF490592FD3BD1A00F32BED = {
						CreatedOnToolsVersion = 26.3;
					};
				};
			};
			buildConfigurationList = 7BF490552FD3BD1A00F32BED /* Build configuration list for PBXProject "Stocked" */;
			developmentRegion = en;
			hasScannedForEncodings = 0;
			knownRegions = (
				en,
				Base,
			);
			mainGroup = 7BF490512FD3BD1A00F32BED;
			minimizedProjectReferenceProxies = 1;
			preferredProjectObjectVersion = 77;
			productRefGroup = 7BF4905B2FD3BD1A00F32BED /* Products */;
			projectDirPath = "";
			projectRoot = "";
			targets = (
				7BF490592FD3BD1A00F32BED /* Stocked */,
				7B52645D2FD8B1A700ABE8B1 /* StockedShareExtension */,
				7B5266442FDB475200ABE8B1 /* StockedWidgets */,
			);
		};
/* End PBXProject section */

/* Begin PBXResourcesBuildPhase section */
		7B52645C2FD8B1A700ABE8B1 /* Resources */ = {
			isa = PBXResourcesBuildPhase;
			buildActionMask = 2147483647;
			files = (
			);
			runOnlyForDeploymentPostprocessing = 0;
		};
		7B5266432FDB475200ABE8B1 /* Resources */ = {
			isa = PBXResourcesBuildPhase;
			buildActionMask = 2147483647;
			files = (
			);
			runOnlyForDeploymentPostprocessing = 0;
		};
		7BF490582FD3BD1A00F32BED /* Resources */ = {
			isa = PBXResourcesBuildPhase;
			buildActionMask = 2147483647;
			files = (
			);
			runOnlyForDeploymentPostprocessing = 0;
		};
/* End PBXResourcesBuildPhase section */

/* Begin PBXSourcesBuildPhase section */
		7B52645A2FD8B1A700ABE8B1 /* Sources */ = {
			isa = PBXSourcesBuildPhase;
			buildActionMask = 2147483647;
			files = (
			);
			runOnlyForDeploymentPostprocessing = 0;
		};
		7B5266412FDB475200ABE8B1 /* Sources */ = {
			isa = PBXSourcesBuildPhase;
			buildActionMask = 2147483647;
			files = (
			);
			runOnlyForDeploymentPostprocessing = 0;
		};
		7BF490562FD3BD1A00F32BED /* Sources */ = {
			isa = PBXSourcesBuildPhase;
			buildActionMask = 2147483647;
			files = (
			);
			runOnlyForDeploymentPostprocessing = 0;
		};
/* End PBXSourcesBuildPhase section */

/* Begin PBXTargetDependency section */
		7B5264672FD8B1A800ABE8B1 /* PBXTargetDependency */ = {
			isa = PBXTargetDependency;
			target = 7B52645D2FD8B1A700ABE8B1 /* StockedShareExtension */;
			targetProxy = 7B5264662FD8B1A800ABE8B1 /* PBXContainerItemProxy */;
		};
		7B5266562FDB475700ABE8B1 /* PBXTargetDependency */ = {
			isa = PBXTargetDependency;
			target = 7B5266442FDB475200ABE8B1 /* StockedWidgets */;
			targetProxy = 7B5266552FDB475700ABE8B1 /* PBXContainerItemProxy */;
		};
/* End PBXTargetDependency section */

/* Begin XCBuildConfiguration section */
		7B52646A2FD8B1A800ABE8B1 /* Debug */ = {
			isa = XCBuildConfiguration;
			buildSettings = {
				CODE_SIGN_ENTITLEMENTS = StockedShareExtension/StockedShareExtension.entitlements;
				CODE_SIGN_STYLE = Automatic;
				CURRENT_PROJECT_VERSION = 81;
				DEVELOPMENT_TEAM = 5DV5N49VG8;
				GENERATE_INFOPLIST_FILE = YES;
				INFOPLIST_FILE = StockedShareExtension/Info.plist;
				INFOPLIST_KEY_CFBundleDisplayName = StockedShareExtension;
				INFOPLIST_KEY_NSHumanReadableCopyright = "";
				IPHONEOS_DEPLOYMENT_TARGET = 26.0;
				LD_RUNPATH_SEARCH_PATHS = (
					"$(inherited)",
					"@executable_path/Frameworks",
					"@executable_path/../../Frameworks",
				);
				MARKETING_VERSION = 4.13;
				PRODUCT_BUNDLE_IDENTIFIER = com.sowens.Stocked.StockedShareExtension;
				PRODUCT_NAME = "$(TARGET_NAME)";
				SKIP_INSTALL = YES;
				STRING_CATALOG_GENERATE_SYMBOLS = YES;
				SWIFT_APPROACHABLE_CONCURRENCY = YES;
				SWIFT_EMIT_LOC_STRINGS = YES;
				SWIFT_UPCOMING_FEATURE_MEMBER_IMPORT_VISIBILITY = YES;
				SWIFT_VERSION = 6.0;
				TARGETED_DEVICE_FAMILY = "1,2";
			};
			name = Debug;
		};
		7B52646B2FD8B1A800ABE8B1 /* Release */ = {
			isa = XCBuildConfiguration;
			buildSettings = {
				CODE_SIGN_ENTITLEMENTS = StockedShareExtension/StockedShareExtension.entitlements;
				CODE_SIGN_STYLE = Automatic;
				CURRENT_PROJECT_VERSION = 81;
				DEVELOPMENT_TEAM = 5DV5N49VG8;
				GENERATE_INFOPLIST_FILE = YES;
				INFOPLIST_FILE = StockedShareExtension/Info.plist;
				INFOPLIST_KEY_CFBundleDisplayName = StockedShareExtension;
				INFOPLIST_KEY_NSHumanReadableCopyright = "";
				IPHONEOS_DEPLOYMENT_TARGET = 26.0;
				LD_RUNPATH_SEARCH_PATHS = (
					"$(inherited)",
					"@executable_path/Frameworks",
					"@executable_path/../../Frameworks",
				);
				MARKETING_VERSION = 4.13;
				PRODUCT_BUNDLE_IDENTIFIER = com.sowens.Stocked.StockedShareExtension;
				PRODUCT_NAME = "$(TARGET_NAME)";
				SKIP_INSTALL = YES;
				STRING_CATALOG_GENERATE_SYMBOLS = YES;
				SWIFT_APPROACHABLE_CONCURRENCY = YES;
				SWIFT_EMIT_LOC_STRINGS = YES;
				SWIFT_UPCOMING_FEATURE_MEMBER_IMPORT_VISIBILITY = YES;
				SWIFT_VERSION = 6.0;
				TARGETED_DEVICE_FAMILY = "1,2";
			};
			name = Release;
		};
		7B5266592FDB475700ABE8B1 /* Debug */ = {
			isa = XCBuildConfiguration;
			buildSettings = {
				ASSETCATALOG_COMPILER_GLOBAL_ACCENT_COLOR_NAME = AccentColor;
				ASSETCATALOG_COMPILER_WIDGET_BACKGROUND_COLOR_NAME = WidgetBackground;
				CODE_SIGN_ENTITLEMENTS = StockedWidgets/StockedWidgets.entitlements;
				CODE_SIGN_STYLE = Automatic;
				CURRENT_PROJECT_VERSION = 81;
				DEVELOPMENT_TEAM = 5DV5N49VG8;
				GENERATE_INFOPLIST_FILE = YES;
				INFOPLIST_FILE = StockedWidgets/Info.plist;
				INFOPLIST_KEY_CFBundleDisplayName = StockedWidgets;
				INFOPLIST_KEY_NSHumanReadableCopyright = "";
				IPHONEOS_DEPLOYMENT_TARGET = 26.0;
				LD_RUNPATH_SEARCH_PATHS = (
					"$(inherited)",
					"@executable_path/Frameworks",
					"@executable_path/../../Frameworks",
				);
				MARKETING_VERSION = 4.13;
				PRODUCT_BUNDLE_IDENTIFIER = com.sowens.Stocked.StockedWidgets;
				PRODUCT_NAME = "$(TARGET_NAME)";
				SKIP_INSTALL = YES;
				STRING_CATALOG_GENERATE_SYMBOLS = YES;
				SWIFT_APPROACHABLE_CONCURRENCY = YES;
				SWIFT_EMIT_LOC_STRINGS = YES;
				SWIFT_UPCOMING_FEATURE_MEMBER_IMPORT_VISIBILITY = YES;
				SWIFT_VERSION = 6.0;
				TARGETED_DEVICE_FAMILY = "1,2";
			};
			name = Debug;
		};
		7B52665A2FDB475700ABE8B1 /* Release */ = {
			isa = XCBuildConfiguration;
			buildSettings = {
				ASSETCATALOG_COMPILER_GLOBAL_ACCENT_COLOR_NAME = AccentColor;
				ASSETCATALOG_COMPILER_WIDGET_BACKGROUND_COLOR_NAME = WidgetBackground;
				CODE_SIGN_ENTITLEMENTS = StockedWidgets/StockedWidgets.entitlements;
				CODE_SIGN_STYLE = Automatic;
				CURRENT_PROJECT_VERSION = 81;
				DEVELOPMENT_TEAM = 5DV5N49VG8;
				GENERATE_INFOPLIST_FILE = YES;
				INFOPLIST_FILE = StockedWidgets/Info.plist;
				INFOPLIST_KEY_CFBundleDisplayName = StockedWidgets;
				INFOPLIST_KEY_NSHumanReadableCopyright = "";
				IPHONEOS_DEPLOYMENT_TARGET = 26.0;
				LD_RUNPATH_SEARCH_PATHS = (
					"$(inherited)",
					"@executable_path/Frameworks",
					"@executable_path/../../Frameworks",
				);
				MARKETING_VERSION = 4.13;
				PRODUCT_BUNDLE_IDENTIFIER = com.sowens.Stocked.StockedWidgets;
				PRODUCT_NAME = "$(TARGET_NAME)";
				SKIP_INSTALL = YES;
				STRING_CATALOG_GENERATE_SYMBOLS = YES;
				SWIFT_APPROACHABLE_CONCURRENCY = YES;
				SWIFT_EMIT_LOC_STRINGS = YES;
				SWIFT_UPCOMING_FEATURE_MEMBER_IMPORT_VISIBILITY = YES;
				SWIFT_VERSION = 6.0;
				TARGETED_DEVICE_FAMILY = "1,2";
			};
			name = Release;
		};
		7BF490652FD3BD1D00F32BED /* Debug */ = {
			isa = XCBuildConfiguration;
			buildSettings = {
				ALWAYS_SEARCH_USER_PATHS = NO;
				ASSETCATALOG_COMPILER_GENERATE_SWIFT_ASSET_SYMBOL_EXTENSIONS = YES;
				CLANG_ANALYZER_NONNULL = YES;
				CLANG_ANALYZER_NUMBER_OBJECT_CONVERSION = YES_AGGRESSIVE;
				CLANG_CXX_LANGUAGE_STANDARD = "gnu++20";
				CLANG_ENABLE_MODULES = YES;
				CLANG_ENABLE_OBJC_ARC = YES;
				CLANG_ENABLE_OBJC_WEAK = YES;
				CLANG_WARN_BLOCK_CAPTURE_AUTORELEASING = YES;
				CLANG_WARN_BOOL_CONVERSION = YES;
				CLANG_WARN_COMMA = YES;
				CLANG_WARN_CONSTANT_CONVERSION = YES;
				CLANG_WARN_DEPRECATED_OBJC_IMPLEMENTATIONS = YES;
				CLANG_WARN_DIRECT_OBJC_ISA_USAGE = YES_ERROR;
				CLANG_WARN_DOCUMENTATION_COMMENTS = YES;
				CLANG_WARN_EMPTY_BODY = YES;
				CLANG_WARN_ENUM_CONVERSION = YES;
				CLANG_WARN_INFINITE_RECURSION = YES;
				CLANG_WARN_INT_CONVERSION = YES;
				CLANG_WARN_NON_LITERAL_NULL_CONVERSION = YES;
				CLANG_WARN_OBJC_IMPLICIT_RETAIN_SELF = YES;
				CLANG_WARN_OBJC_LITERAL_CONVERSION = YES;
				CLANG_WARN_OBJC_ROOT_CLASS = YES_ERROR;
				CLANG_WARN_QUOTED_INCLUDE_IN_FRAMEWORK_HEADER = YES;
				CLANG_WARN_RANGE_LOOP_ANALYSIS = YES;
				CLANG_WARN_STRICT_PROTOTYPES = YES;
				CLANG_WARN_SUSPICIOUS_MOVE = YES;
				CLANG_WARN_UNGUARDED_AVAILABILITY = YES_AGGRESSIVE;
				CLANG_WARN_UNREACHABLE_CODE = YES;
				CLANG_WARN__DUPLICATE_METHOD_MATCH = YES;
				COPY_PHASE_STRIP = NO;
				DEBUG_INFORMATION_FORMAT = dwarf;
				DEVELOPMENT_TEAM = 5DV5N49VG8;
				ENABLE_STRICT_OBJC_MSGSEND = YES;
				ENABLE_TESTABILITY = YES;
				ENABLE_USER_SCRIPT_SANDBOXING = YES;
				GCC_C_LANGUAGE_STANDARD = gnu17;
				GCC_DYNAMIC_NO_PIC = NO;
				GCC_NO_COMMON_BLOCKS = YES;
				GCC_OPTIMIZATION_LEVEL = 0;
				GCC_PREPROCESSOR_DEFINITIONS = (
					"DEBUG=1",
					"$(inherited)",
				);
				GCC_WARN_64_TO_32_BIT_CONVERSION = YES;
				GCC_WARN_ABOUT_RETURN_TYPE = YES_ERROR;
				GCC_WARN_UNDECLARED_SELECTOR = YES;
				GCC_WARN_UNINITIALIZED_AUTOS = YES_AGGRESSIVE;
				GCC_WARN_UNUSED_FUNCTION = YES;
				GCC_WARN_UNUSED_VARIABLE = YES;
				IPHONEOS_DEPLOYMENT_TARGET = 26.0;
				LOCALIZATION_PREFERS_STRING_CATALOGS = YES;
				MTL_ENABLE_DEBUG_INFO = INCLUDE_SOURCE;
				MTL_FAST_MATH = YES;
				ONLY_ACTIVE_ARCH = YES;
				SDKROOT = iphoneos;
				SWIFT_ACTIVE_COMPILATION_CONDITIONS = "DEBUG $(inherited)";
				SWIFT_OPTIMIZATION_LEVEL = "-Onone";
			};
			name = Debug;
		};
		7BF490662FD3BD1D00F32BED /* Release */ = {
			isa = XCBuildConfiguration;
			buildSettings = {
				ALWAYS_SEARCH_USER_PATHS = NO;
				ASSETCATALOG_COMPILER_GENERATE_SWIFT_ASSET_SYMBOL_EXTENSIONS = YES;
				CLANG_ANALYZER_NONNULL = YES;
				CLANG_ANALYZER_NUMBER_OBJECT_CONVERSION = YES_AGGRESSIVE;
				CLANG_CXX_LANGUAGE_STANDARD = "gnu++20";
				CLANG_ENABLE_MODULES = YES;
				CLANG_ENABLE_OBJC_ARC = YES;
				CLANG_ENABLE_OBJC_WEAK = YES;
				CLANG_WARN_BLOCK_CAPTURE_AUTORELEASING = YES;
				CLANG_WARN_BOOL_CONVERSION = YES;
				CLANG_WARN_COMMA = YES;
				CLANG_WARN_CONSTANT_CONVERSION = YES;
				CLANG_WARN_DEPRECATED_OBJC_IMPLEMENTATIONS = YES;
				CLANG_WARN_DIRECT_OBJC_ISA_USAGE = YES_ERROR;
				CLANG_WARN_DOCUMENTATION_COMMENTS = YES;
				CLANG_WARN_EMPTY_BODY = YES;
				CLANG_WARN_ENUM_CONVERSION = YES;
				CLANG_WARN_INFINITE_RECURSION = YES;
				CLANG_WARN_INT_CONVERSION = YES;
				CLANG_WARN_NON_LITERAL_NULL_CONVERSION = YES;
				CLANG_WARN_OBJC_IMPLICIT_RETAIN_SELF = YES;
				CLANG_WARN_OBJC_LITERAL_CONVERSION = YES;
				CLANG_WARN_OBJC_ROOT_CLASS = YES_ERROR;
				CLANG_WARN_QUOTED_INCLUDE_IN_FRAMEWORK_HEADER = YES;
				CLANG_WARN_RANGE_LOOP_ANALYSIS = YES;
				CLANG_WARN_STRICT_PROTOTYPES = YES;
				CLANG_WARN_SUSPICIOUS_MOVE = YES;
				CLANG_WARN_UNGUARDED_AVAILABILITY = YES_AGGRESSIVE;
				CLANG_WARN_UNREACHABLE_CODE = YES;
				CLANG_WARN__DUPLICATE_METHOD_MATCH = YES;
				COPY_PHASE_STRIP = NO;
				DEBUG_INFORMATION_FORMAT = "dwarf-with-dsym";
				DEVELOPMENT_TEAM = 5DV5N49VG8;
				ENABLE_NS_ASSERTIONS = NO;
				ENABLE_STRICT_OBJC_MSGSEND = YES;
				ENABLE_USER_SCRIPT_SANDBOXING = YES;
				GCC_C_LANGUAGE_STANDARD = gnu17;
				GCC_NO_COMMON_BLOCKS = YES;
				GCC_WARN_64_TO_32_BIT_CONVERSION = YES;
				GCC_WARN_ABOUT_RETURN_TYPE = YES_ERROR;
				GCC_WARN_UNDECLARED_SELECTOR = YES;
				GCC_WARN_UNINITIALIZED_AUTOS = YES_AGGRESSIVE;
				GCC_WARN_UNUSED_FUNCTION = YES;
				GCC_WARN_UNUSED_VARIABLE = YES;
				IPHONEOS_DEPLOYMENT_TARGET = 26.0;
				LOCALIZATION_PREFERS_STRING_CATALOGS = YES;
				MTL_ENABLE_DEBUG_INFO = NO;
				MTL_FAST_MATH = YES;
				SDKROOT = iphoneos;
				SWIFT_COMPILATION_MODE = wholemodule;
				VALIDATE_PRODUCT = YES;
			};
			name = Release;
		};
		7BF490682FD3BD1D00F32BED /* Debug */ = {
			isa = XCBuildConfiguration;
			baseConfigurationReference = 7B52646F2FD8FFDF00ABE8B1 /* Secrets.xcconfig */;
			buildSettings = {
				ASSETCATALOG_COMPILER_APPICON_NAME = AppIcon;
				ASSETCATALOG_COMPILER_GLOBAL_ACCENT_COLOR_NAME = AccentColor;
				CODE_SIGN_ENTITLEMENTS = Stocked/Stocked.entitlements;
				CODE_SIGN_STYLE = Automatic;
				CURRENT_PROJECT_VERSION = 81;
				DEVELOPMENT_TEAM = 5DV5N49VG8;
				ENABLE_PREVIEWS = YES;
				GENERATE_INFOPLIST_FILE = NO;
				INFOPLIST_FILE = Stocked/Info.plist;
				INFOPLIST_KEY_CFBundleDisplayName = Stocked;
				INFOPLIST_KEY_UIApplicationSceneManifest_Generation = YES;
				INFOPLIST_KEY_UIApplicationSupportsIndirectInputEvents = YES;
				INFOPLIST_KEY_UILaunchScreen_Generation = YES;
				INFOPLIST_KEY_UISupportedInterfaceOrientations_iPad = "UIInterfaceOrientationPortrait UIInterfaceOrientationPortraitUpsideDown UIInterfaceOrientationLandscapeLeft UIInterfaceOrientationLandscapeRight";
				INFOPLIST_KEY_UISupportedInterfaceOrientations_iPhone = "UIInterfaceOrientationPortrait UIInterfaceOrientationLandscapeLeft UIInterfaceOrientationLandscapeRight";
				IPHONEOS_DEPLOYMENT_TARGET = 26.0;
				LD_RUNPATH_SEARCH_PATHS = (
					"$(inherited)",
					"@executable_path/Frameworks",
				);
				MARKETING_VERSION = 4.13;
				PRODUCT_BUNDLE_IDENTIFIER = com.sowens.Stocked;
				PRODUCT_NAME = "$(TARGET_NAME)";
				STRING_CATALOG_GENERATE_SYMBOLS = YES;
				SUPPORTED_PLATFORMS = "iphoneos iphonesimulator";
				SWIFT_APPROACHABLE_CONCURRENCY = YES;
				SWIFT_DEFAULT_ACTOR_ISOLATION = MainActor;
				SWIFT_EMIT_LOC_STRINGS = YES;
				SWIFT_UPCOMING_FEATURE_MEMBER_IMPORT_VISIBILITY = YES;
				SWIFT_VERSION = 6.0;
				TARGETED_DEVICE_FAMILY = "1,2";
			};
			name = Debug;
		};
		7BF490692FD3BD1D00F32BED /* Release */ = {
			isa = XCBuildConfiguration;
			baseConfigurationReference = 7B52646F2FD8FFDF00ABE8B1 /* Secrets.xcconfig */;
			buildSettings = {
				ASSETCATALOG_COMPILER_APPICON_NAME = AppIcon;
				ASSETCATALOG_COMPILER_GLOBAL_ACCENT_COLOR_NAME = AccentColor;
				CODE_SIGN_ENTITLEMENTS = Stocked/Stocked.entitlements;
				CODE_SIGN_STYLE = Automatic;
				CURRENT_PROJECT_VERSION = 81;
				DEVELOPMENT_TEAM = 5DV5N49VG8;
				ENABLE_PREVIEWS = YES;
				GENERATE_INFOPLIST_FILE = NO;
				INFOPLIST_FILE = Stocked/Info.plist;
				INFOPLIST_KEY_CFBundleDisplayName = Stocked;
				INFOPLIST_KEY_UIApplicationSceneManifest_Generation = YES;
				INFOPLIST_KEY_UIApplicationSupportsIndirectInputEvents = YES;
				INFOPLIST_KEY_UILaunchScreen_Generation = YES;
				INFOPLIST_KEY_UISupportedInterfaceOrientations_iPad = "UIInterfaceOrientationPortrait UIInterfaceOrientationPortraitUpsideDown UIInterfaceOrientationLandscapeLeft UIInterfaceOrientationLandscapeRight";
				INFOPLIST_KEY_UISupportedInterfaceOrientations_iPhone = "UIInterfaceOrientationPortrait UIInterfaceOrientationLandscapeLeft UIInterfaceOrientationLandscapeRight";
				IPHONEOS_DEPLOYMENT_TARGET = 26.0;
				LD_RUNPATH_SEARCH_PATHS = (
					"$(inherited)",
					"@executable_path/Frameworks",
				);
				MARKETING_VERSION = 4.13;
				PRODUCT_BUNDLE_IDENTIFIER = com.sowens.Stocked;
				PRODUCT_NAME = "$(TARGET_NAME)";
				STRING_CATALOG_GENERATE_SYMBOLS = YES;
				SUPPORTED_PLATFORMS = "iphoneos iphonesimulator";
				SWIFT_APPROACHABLE_CONCURRENCY = YES;
				SWIFT_DEFAULT_ACTOR_ISOLATION = MainActor;
				SWIFT_EMIT_LOC_STRINGS = YES;
				SWIFT_UPCOMING_FEATURE_MEMBER_IMPORT_VISIBILITY = YES;
				SWIFT_VERSION = 6.0;
				TARGETED_DEVICE_FAMILY = "1,2";
			};
			name = Release;
		};
/* End XCBuildConfiguration section */

/* Begin XCConfigurationList section */
		7B5264692FD8B1A800ABE8B1 /* Build configuration list for PBXNativeTarget "StockedShareExtension" */ = {
			isa = XCConfigurationList;
			buildConfigurations = (
				7B52646A2FD8B1A800ABE8B1 /* Debug */,
				7B52646B2FD8B1A800ABE8B1 /* Release */,
			);
			defaultConfigurationIsVisible = 0;
			defaultConfigurationName = Release;
		};
		7B5266582FDB475700ABE8B1 /* Build configuration list for PBXNativeTarget "StockedWidgets" */ = {
			isa = XCConfigurationList;
			buildConfigurations = (
				7B5266592FDB475700ABE8B1 /* Debug */,
				7B52665A2FDB475700ABE8B1 /* Release */,
			);
			defaultConfigurationIsVisible = 0;
			defaultConfigurationName = Release;
		};
		7BF490552FD3BD1A00F32BED /* Build configuration list for PBXProject "Stocked" */ = {
			isa = XCConfigurationList;
			buildConfigurations = (
				7BF490652FD3BD1D00F32BED /* Debug */,
				7BF490662FD3BD1D00F32BED /* Release */,
			);
			defaultConfigurationIsVisible = 0;
			defaultConfigurationName = Release;
		};
		7BF490672FD3BD1D00F32BED /* Build configuration list for PBXNativeTarget "Stocked" */ = {
			isa = XCConfigurationList;
			buildConfigurations = (
				7BF490682FD3BD1D00F32BED /* Debug */,
				7BF490692FD3BD1D00F32BED /* Release */,
			);
			defaultConfigurationIsVisible = 0;
			defaultConfigurationName = Release;
		};
/* End XCConfigurationList section */
	};
	rootObject = 7BF490522FD3BD1A00F32BED /* Project object */;
}
