<?xml version="1.0" encoding="UTF-8"?>
<Scheme
   LastUpgradeVersion = "2700"
   wasCreatedForAppExtension = "YES"
   version = "2.0">
   <BuildAction
      parallelizeBuildables = "YES"
      buildImplicitDependencies = "YES"
      buildArchitectures = "Automatic">
      <PreActions>
         <ExecutionAction ActionType = "Xcode.IDEStandardExecutionActionsCore.ExecutionActionType.ShellScriptAction">
            <ActionContent title = "Automatic QA build number (version stays manual)" scriptText = "set -eu&#10;/bin/mkdir -p &quot;$PROJECT_TEMP_DIR&quot;&#10;: &gt; &quot;$PROJECT_TEMP_DIR/qa-build-number&quot;&#10;/usr/bin/python3 &quot;$SRCROOT/scripts/qa_build_number.py&quot; --project &quot;$PROJECT_FILE_PATH&quot; --floor 89 --reservation-dir &quot;$PROJECT_TEMP_DIR&quot;&#10;">
               <EnvironmentBuildable><BuildableReference
               BuildableIdentifier = "primary"
               BlueprintIdentifier = "7B52645D2FD8B1A700ABE8B1"
               BuildableName = "StockedShareExtension.appex"
               BlueprintName = "StockedShareExtension"
               ReferencedContainer = "container:Stocked.xcodeproj">
            </BuildableReference></EnvironmentBuildable>
            </ActionContent>
         </ExecutionAction>
      </PreActions>
      <BuildActionEntries>
         <BuildActionEntry
            buildForTesting = "YES"
            buildForRunning = "YES"
            buildForProfiling = "YES"
            buildForArchiving = "YES"
            buildForAnalyzing = "YES">
            <BuildableReference
               BuildableIdentifier = "primary"
               BlueprintIdentifier = "7B52645D2FD8B1A700ABE8B1"
               BuildableName = "StockedShareExtension.appex"
               BlueprintName = "StockedShareExtension"
               ReferencedContainer = "container:Stocked.xcodeproj">
            </BuildableReference>
         </BuildActionEntry>
         <BuildActionEntry
            buildForTesting = "YES"
            buildForRunning = "YES"
            buildForProfiling = "YES"
            buildForArchiving = "YES"
            buildForAnalyzing = "YES">
            <BuildableReference
               BuildableIdentifier = "primary"
               BlueprintIdentifier = "7BF490592FD3BD1A00F32BED"
               BuildableName = "Stocked.app"
               BlueprintName = "Stocked"
               ReferencedContainer = "container:Stocked.xcodeproj">
            </BuildableReference>
         </BuildActionEntry>
      </BuildActionEntries>
   </BuildAction>
   <TestAction
      buildConfiguration = "Debug"
      selectedDebuggerIdentifier = "Xcode.DebuggerFoundation.Debugger.LLDB"
      selectedLauncherIdentifier = "Xcode.DebuggerFoundation.Launcher.LLDB"
      shouldUseLaunchSchemeArgsEnv = "YES"
      shouldAutocreateTestPlan = "YES">
   </TestAction>
   <LaunchAction
      buildConfiguration = "Debug"
      selectedDebuggerIdentifier = ""
      selectedLauncherIdentifier = "Xcode.IDEFoundation.Launcher.PosixSpawn"
      launchStyle = "0"
      askForAppToLaunch = "Yes"
      useCustomWorkingDirectory = "NO"
      ignoresPersistentStateOnLaunch = "NO"
      debugDocumentVersioning = "YES"
      debugServiceExtension = "internal"
      allowLocationSimulation = "YES"
      launchAutomaticallySubstyle = "2">
      <BuildableProductRunnable
         runnableDebuggingMode = "0">
         <BuildableReference
            BuildableIdentifier = "primary"
            BlueprintIdentifier = "7BF490592FD3BD1A00F32BED"
            BuildableName = "Stocked.app"
            BlueprintName = "Stocked"
            ReferencedContainer = "container:Stocked.xcodeproj">
         </BuildableReference>
      </BuildableProductRunnable>
   </LaunchAction>
   <ProfileAction
      buildConfiguration = "Release"
      shouldUseLaunchSchemeArgsEnv = "YES"
      savedToolIdentifier = ""
      useCustomWorkingDirectory = "NO"
      debugDocumentVersioning = "YES"
      askForAppToLaunch = "Yes"
      launchAutomaticallySubstyle = "2">
      <BuildableProductRunnable
         runnableDebuggingMode = "0">
         <BuildableReference
            BuildableIdentifier = "primary"
            BlueprintIdentifier = "7BF490592FD3BD1A00F32BED"
            BuildableName = "Stocked.app"
            BlueprintName = "Stocked"
            ReferencedContainer = "container:Stocked.xcodeproj">
         </BuildableReference>
      </BuildableProductRunnable>
   </ProfileAction>
   <AnalyzeAction
      buildConfiguration = "Debug">
   </AnalyzeAction>
   <ArchiveAction
      buildConfiguration = "Release"
      revealArchiveInOrganizer = "YES">
   </ArchiveAction>
</Scheme>
